{
  "name": "backend",
  "lockfileVersion": 3,
  "requires": true,
  "packages": {
    "": {
      "dependencies": {
        "next-font": "^1.2.0"
      }
    },
    "node_modules/next-font": {
      "version": "1.2.0",
      "resolved": "https://registry.npmjs.org/next-font/-/next-font-1.2.0.tgz",
      "integrity": "sha512-1yk8OM9gIACZfeS6BI7q3WX/WWP8DzNlD8+N4UJ6EsVq9+eOBNwyhPnvvGfj6alPan0xqQgzMbLD+2Pik//kLw==",
      "license": "BSD-2-Clause"
    }
  }
}
